PODS:
  - Guider (1.2.0):
    - Guider/Privacy (= 1.2.0)
  - Guider/Privacy (1.2.0)

DEPENDENCIES:
  - Guider (from `../`)

EXTERNAL SOURCES:
  Guider:
    :path: "../"

SPEC CHECKSUMS:
  Guider: fb3262a79fb938d47785aa88a83c10d6fb5a9be0

PODFILE CHECKSUM: 8af12d5deca1f9c9fcb1a1e7504f0535e59fc98e

COCOAPODS: 1.15.2
